
Microsoft Visual Studio Solution File, Format Version 12.00
# Visual Studio Version 17
VisualStudioVersion = 17.7.34024.191
MinimumVisualStudioVersion = 10.0.40219.1
Project("{FAE04EC0-301F-11D3-BF4B-00C04F79EFBC}") = "Invoice", "Invoice\Invoice.csproj", "{352FA060-EBA8-42EC-8953-3C28DB37708B}"
EndProject
Global
	GlobalSection(SolutionConfigurationPlatforms) = preSolution
		Debug|Any CPU = Debug|Any CPU
		Release|Any CPU = Release|Any CPU
	EndGlobalSection
	GlobalSection(ProjectConfigurationPlatforms) = postSolution
		{352FA060-EBA8-42EC-8953-3C28DB37708B}.Debug|Any CPU.ActiveCfg = Debug|Any CPU
		{352FA060-EBA8-42EC-8953-3C28DB37708B}.Debug|Any CPU.Build.0 = Debug|Any CPU
		{352FA060-EBA8-42EC-8953-3C28DB37708B}.Release|Any CPU.ActiveCfg = Release|Any CPU
		{352FA060-EBA8-42EC-8953-3C28DB37708B}.Release|Any CPU.Build.0 = Release|Any CPU
	EndGlobalSection
	GlobalSection(SolutionProperties) = preSolution
		HideSolutionNode = FALSE
	EndGlobalSection
	GlobalSection(ExtensibilityGlobals) = postSolution
		SolutionGuid = {CB0DF38D-ABAD-41E4-BA47-320129361EB1}
	EndGlobalSection
EndGlobal
